// !$*UTF8*$!
{
	archiveVersion = 1;
	classes = {
	};
	objectVersion = 50;
	objects = {

/* Begin PBXBuildFile section */
		A8A8EF532366D6E10049951F /* AppDelegate.m in Sources */ = {isa = PBXBuildFile; fileRef = A8A8EF522366D6E10049951F /* AppDelegate.m */; };
		A8A8EF562366D6E10049951F /* SceneDelegate.m in Sources */ = {isa = PBXBuildFile; fileRef = A8A8EF552366D6E10049951F /* SceneDelegate.m */; };
		A8A8EF592366D6E10049951F /* ViewController.m in Sources */ = {isa = PBXBuildFile; fileRef = A8A8EF582366D6E10049951F /* ViewController.m */; };
		A8A8EF5C2366D6E10049951F /* Main.storyboard in Resources */ = {isa = PBXBuildFile; fileRef = A8A8EF5A2366D6E10049951F /* Main.storyboard */; };
		A8A8EF5E2366D6E30049951F /* Assets.xcassets in Resources */ = {isa = PBXBuildFile; fileRef = A8A8EF5D2366D6E30049951F /* Assets.xcassets */; };
		A8A8EF612366D6E30049951F /* LaunchScreen.storyboard in Resources */ = {isa = PBXBuildFile; fileRef = A8A8EF5F2366D6E30049951F /* LaunchScreen.storyboard */; };
		A8A8EF642366D6E30049951F /* main.m in Sources */ = {isa = PBXBuildFile; fileRef = A8A8EF632366D6E30049951F /* main.m */; };
		A8A8EF6E2366D6E30049951F /* LCMVVMDemoTests.m in Sources */ = {isa = PBXBuildFile; fileRef = A8A8EF6D2366D6E30049951F /* LCMVVMDemoTests.m */; };
		A8A8EF792366D6E30049951F /* LCMVVMDemoUITests.m in Sources */ = {isa = PBXBuildFile; fileRef = A8A8EF782366D6E30049951F /* LCMVVMDemoUITests.m */; };
/* End PBXBuildFile section */

/* Begin PBXContainerItemProxy section */
		A8A8EF6A2366D6E30049951F /* PBXContainerItemProxy */ = {
			isa = PBXContainerItemProxy;
			containerPortal = A8A8EF462366D6E10049951F /* Project object */;
			proxyType = 1;
			remoteGlobalIDString = A8A8EF4D2366D6E10049951F;
			remoteInfo = LCMVVMDemo;
		};
		A8A8EF752366D6E30049951F /* PBXContainerItemProxy */ = {
			isa = PBXContainerItemProxy;
			containerPortal = A8A8EF462366D6E10049951F /* Project object */;
			proxyType = 1;
			remoteGlobalIDString = A8A8EF4D2366D6E10049951F;
			remoteInfo = LCMVVMDemo;
		};
/* End PBXContainerItemProxy section */

/* Begin PBXFileReference section */
		A8A8EF4E2366D6E10049951F /* LCMVVMDemo.app */ = {isa = PBXFileReference; explicitFileType = wrapper.application; includeInIndex = 0; path = LCMVVMDemo.app; sourceTree = BUILT_PRODUCTS_DIR; };
		A8A8EF512366D6E10049951F /* AppDelegate.h */ = {isa = PBXFileReference; lastKnownFileType = sourcecode.c.h; path = AppDelegate.h; sourceTree = "<group>"; };
		A8A8EF522366D6E10049951F /* AppDelegate.m */ = {isa = PBXFileReference; lastKnownFileType = sourcecode.c.objc; path = AppDelegate.m; sourceTree = "<group>"; };
		A8A8EF542366D6E10049951F /* SceneDelegate.h */ = {isa = PBXFileReference; lastKnownFileType = sourcecode.c.h; path = SceneDelegate.h; sourceTree = "<group>"; };
		A8A8EF552366D6E10049951F /* SceneDelegate.m */ = {isa = PBXFileReference; lastKnownFileType = sourcecode.c.objc; path = SceneDelegate.m; sourceTree = "<group>"; };
		A8A8EF572366D6E10049951F /* ViewController.h */ = {isa = PBXFileReference; lastKnownFileType = sourcecode.c.h; path = ViewController.h; sourceTree = "<group>"; };
		A8A8EF582366D6E10049951F /* ViewController.m */ = {isa = PBXFileReference; lastKnownFileType = sourcecode.c.objc; path = ViewController.m; sourceTree = "<group>"; };
		A8A8EF5B2366D6E10049951F /* Base */ = {isa = PBXFileReference; lastKnownFileType = file.storyboard; name = Base; path = Base.lproj/Main.storyboard; sourceTree = "<group>"; };
		A8A8EF5D2366D6E30049951F /* Assets.xcassets */ = {isa = PBXFileReference; lastKnownFileType = folder.assetcatalog; path = Assets.xcassets; sourceTree = "<group>"; };
		A8A8EF602366D6E30049951F /* Base */ = {isa = PBXFileReference; lastKnownFileType = file.storyboard; name = Base; path = Base.lproj/LaunchScreen.storyboard; sourceTree = "<group>"; };
		A8A8EF622366D6E30049951F /* Info.plist */ = {isa = PBXFileReference; lastKnownFileType = text.plist.xml; path = Info.plist; sourceTree = "<group>"; };
		A8A8EF632366D6E30049951F /* main.m */ = {isa = PBXFileReference; lastKnownFileType = sourcecode.c.objc; path = main.m; sourceTree = "<group>"; };
		A8A8EF692366D6E30049951F /* LCMVVMDemoTests.xctest */ = {isa = PBXFileReference; explicitFileType = wrapper.cfbundle; includeInIndex = 0; path = LCMVVMDemoTests.xctest; sourceTree = BUILT_PRODUCTS_DIR; };
		A8A8EF6D2366D6E30049951F /* LCMVVMDemoTests.m */ = {isa = PBXFileReference; lastKnownFileType = sourcecode.c.objc; path = LCMVVMDemoTests.m; sourceTree = "<group>"; };
		A8A8EF6F2366D6E30049951F /* Info.plist */ = {isa = PBXFileReference; lastKnownFileType = text.plist.xml; path = Info.plist; sourceTree = "<group>"; };
		A8A8EF742366D6E30049951F /* LCMVVMDemoUITests.xctest */ = {isa = PBXFileReference; explicitFileType = wrapper.cfbundle; includeInIndex = 0; path = LCMVVMDemoUITests.xctest; sourceTree = BUILT_PRODUCTS_DIR; };
		A8A8EF782366D6E30049951F /* LCMVVMDemoUITests.m */ = {isa = PBXFileReference; lastKnownFileType = sourcecode.c.objc; path = LCMVVMDemoUITests.m; sourceTree = "<group>"; };
		A8A8EF7A2366D6E30049951F /* Info.plist */ = {isa = PBXFileReference; lastKnownFileType = text.plist.xml; path = Info.plist; sourceTree = "<group>"; };
/* End PBXFileReference section */

/* Begin PBXFrameworksBuildPhase section */
		A8A8EF4B2366D6E10049951F /* Frameworks */ = {
			isa = PBXFrameworksBuildPhase;
			buildActionMask = 2147483647;
			files = (
			);
			runOnlyForDeploymentPostprocessing = 0;
		};
		A8A8EF662366D6E30049951F /* Frameworks */ = {
			isa = PBXFrameworksBuildPhase;
			buildActionMask = 2147483647;
			files = (
			);
			runOnlyForDeploymentPostprocessing = 0;
		};
		A8A8EF712366D6E30049951F /* Frameworks */ = {
			isa = PBXFrameworksBuildPhase;
			buildActionMask = 2147483647;
			files = (
			);
			runOnlyForDeploymentPostprocessing = 0;
		};
/* End PBXFrameworksBuildPhase section */

/* Begin PBXGroup section */
		A8A8EF452366D6E10049951F = {
			isa = PBXGroup;
			children = (
				A8A8EF502366D6E10049951F /* LCMVVMDemo */,
				A8A8EF6C2366D6E30049951F /* LCMVVMDemoTests */,
				A8A8EF772366D6E30049951F /* LCMVVMDemoUITests */,
				A8A8EF4F2366D6E10049951F /* Products */,
			);
			sourceTree = "<group>";
		};
		A8A8EF4F2366D6E10049951F /* Products */ = {
			isa = PBXGroup;
			children = (
				A8A8EF4E2366D6E10049951F /* LCMVVMDemo.app */,
				A8A8EF692366D6E30049951F /* LCMVVMDemoTests.xctest */,
				A8A8EF742366D6E30049951F /* LCMVVMDemoUITests.xctest */,
			);
			name = Products;
			sourceTree = "<group>";
		};
		A8A8EF502366D6E10049951F /* LCMVVMDemo */ = {
			isa = PBXGroup;
			children = (
				A8A8EF512366D6E10049951F /* AppDelegate.h */,
				A8A8EF522366D6E10049951F /* AppDelegate.m */,
				A8A8EF542366D6E10049951F /* SceneDelegate.h */,
				A8A8EF552366D6E10049951F /* SceneDelegate.m */,
				A8A8EF572366D6E10049951F /* ViewController.h */,
				A8A8EF582366D6E10049951F /* ViewController.m */,
				A8A8EF5A2366D6E10049951F /* Main.storyboard */,
				A8A8EF5D2366D6E30049951F /* Assets.xcassets */,
				A8A8EF5F2366D6E30049951F /* LaunchScreen.storyboard */,
				A8A8EF622366D6E30049951F /* Info.plist */,
				A8A8EF632366D6E30049951F /* main.m */,
			);
			path = LCMVVMDemo;
			sourceTree = "<group>";
		};
		A8A8EF6C2366D6E30049951F /* LCMVVMDemoTests */ = {
			isa = PBXGroup;
			children = (
				A8A8EF6D2366D6E30049951F /* LCMVVMDemoTests.m */,
				A8A8EF6F2366D6E30049951F /* Info.plist */,
			);
			path = LCMVVMDemoTests;
			sourceTree = "<group>";
		};
		A8A8EF772366D6E30049951F /* LCMVVMDemoUITests */ = {
			isa = PBXGroup;
			children = (
				A8A8EF782366D6E30049951F /* LCMVVMDemoUITests.m */,
				A8A8EF7A2366D6E30049951F /* Info.plist */,
			);
			path = LCMVVMDemoUITests;
			sourceTree = "<group>";
		};
/* End PBXGroup section */

/* Begin PBXNativeTarget section */
		A8A8EF4D2366D6E10049951F /* LCMVVMDemo */ = {
			isa = PBXNativeTarget;
			buildConfigurationList = A8A8EF7D2366D6E30049951F /* Build configuration list for PBXNativeTarget "LCMVVMDemo" */;
			buildPhases = (
				A8A8EF4A2366D6E10049951F /* Sources */,
				A8A8EF4B2366D6E10049951F /* Frameworks */,
				A8A8EF4C2366D6E10049951F /* Resources */,
			);
			buildRules = (
			);
			dependencies = (
			);
			name = LCMVVMDemo;
			productName = LCMVVMDemo;
			productReference = A8A8EF4E2366D6E10049951F /* LCMVVMDemo.app */;
			productType = "com.apple.product-type.application";
		};
		A8A8EF682366D6E30049951F /* LCMVVMDemoTests */ = {
			isa = PBXNativeTarget;
			buildConfigurationList = A8A8EF802366D6E30049951F /* Build configuration list for PBXNativeTarget "LCMVVMDemoTests" */;
			buildPhases = (
				A8A8EF652366D6E30049951F /* Sources */,
				A8A8EF662366D6E30049951F /* Frameworks */,
				A8A8EF672366D6E30049951F /* Resources */,
			);
			buildRules = (
			);
			dependencies = (
				A8A8EF6B2366D6E30049951F /* PBXTargetDependency */,
			);
			name = LCMVVMDemoTests;
			productName = LCMVVMDemoTests;
			productReference = A8A8EF692366D6E30049951F /* LCMVVMDemoTests.xctest */;
			productType = "com.apple.product-type.bundle.unit-test";
		};
		A8A8EF732366D6E30049951F /* LCMVVMDemoUITests */ = {
			isa = PBXNativeTarget;
			buildConfigurationList = A8A8EF832366D6E30049951F /* Build configuration list for PBXNativeTarget "LCMVVMDemoUITests" */;
			buildPhases = (
				A8A8EF702366D6E30049951F /* Sources */,
				A8A8EF712366D6E30049951F /* Frameworks */,
				A8A8EF722366D6E30049951F /* Resources */,
			);
			buildRules = (
			);
			dependencies = (
				A8A8EF762366D6E30049951F /* PBXTargetDependency */,
			);
			name = LCMVVMDemoUITests;
			productName = LCMVVMDemoUITests;
			productReference = A8A8EF742366D6E30049951F /* LCMVVMDemoUITests.xctest */;
			productType = "com.apple.product-type.bundle.ui-testing";
		};
/* End PBXNativeTarget section */

/* Begin PBXProject section */
		A8A8EF462366D6E10049951F /* Project object */ = {
			isa = PBXProject;
			attributes = {
				LastUpgradeCheck = 1110;
				ORGANIZATIONNAME = iWolf;
				TargetAttributes = {
					A8A8EF4D2366D6E10049951F = {
						CreatedOnToolsVersion = 11.1;
					};
					A8A8EF682366D6E30049951F = {
						CreatedOnToolsVersion = 11.1;
						TestTargetID = A8A8EF4D2366D6E10049951F;
					};
					A8A8EF732366D6E30049951F = {
						CreatedOnToolsVersion = 11.1;
						TestTargetID = A8A8EF4D2366D6E10049951F;
					};
				};
			};
			buildConfigurationList = A8A8EF492366D6E10049951F /* Build configuration list for PBXProject "LCMVVMDemo" */;
			compatibilityVersion = "Xcode 9.3";
			developmentRegion = en;
			hasScannedForEncodings = 0;
			knownRegions = (
				en,
				Base,
			);
			mainGroup = A8A8EF452366D6E10049951F;
			productRefGroup = A8A8EF4F2366D6E10049951F /* Products */;
			projectDirPath = "";
			projectRoot = "";
			targets = (
				A8A8EF4D2366D6E10049951F /* LCMVVMDemo */,
				A8A8EF682366D6E30049951F /* LCMVVMDemoTests */,
				A8A8EF732366D6E30049951F /* LCMVVMDemoUITests */,
			);
		};
/* End PBXProject section */

/* Begin PBXResourcesBuildPhase section */
		A8A8EF4C2366D6E10049951F /* Resources */ = {
			isa = PBXResourcesBuildPhase;
			buildActionMask = 2147483647;
			files = (
				A8A8EF612366D6E30049951F /* LaunchScreen.storyboard in Resources */,
				A8A8EF5E2366D6E30049951F /* Assets.xcassets in Resources */,
				A8A8EF5C2366D6E10049951F /* Main.storyboard in Resources */,
			);
			runOnlyForDeploymentPostprocessing = 0;
		};
		A8A8EF672366D6E30049951F /* Resources */ = {
			isa = PBXResourcesBuildPhase;
			buildActionMask = 2147483647;
			files = (
			);
			runOnlyForDeploymentPostprocessing = 0;
		};
		A8A8EF722366D6E30049951F /* Resources */ = {
			isa = PBXResourcesBuildPhase;
			buildActionMask = 2147483647;
			files = (
			);
			runOnlyForDeploymentPostprocessing = 0;
		};
/* End PBXResourcesBuildPhase section */

/* Begin PBXSourcesBuildPhase section */
		A8A8EF4A2366D6E10049951F /* Sources */ = {
			isa = PBXSourcesBuildPhase;
			buildActionMask = 2147483647;
			files = (
				A8A8EF592366D6E10049951F /* ViewController.m in Sources */,
				A8A8EF532366D6E10049951F /* AppDelegate.m in Sources */,
				A8A8EF642366D6E30049951F /* main.m in Sources */,
				A8A8EF562366D6E10049951F /* SceneDelegate.m in Sources */,
			);
			runOnlyForDeploymentPostprocessing = 0;
		};
		A8A8EF652366D6E30049951F /* Sources */ = {
			isa = PBXSourcesBuildPhase;
			buildActionMask = 2147483647;
			files = (
				A8A8EF6E2366D6E30049951F /* LCMVVMDemoTests.m in Sources */,
			);
			runOnlyForDeploymentPostprocessing = 0;
		};
		A8A8EF702366D6E30049951F /* Sources */ = {
			isa = PBXSourcesBuildPhase;
			buildActionMask = 2147483647;
			files = (
				A8A8EF792366D6E30049951F /* LCMVVMDemoUITests.m in Sources */,
			);
			runOnlyForDeploymentPostprocessing = 0;
		};
/* End PBXSourcesBuildPhase section */

/* Begin PBXTargetDependency section */
		A8A8EF6B2366D6E30049951F /* PBXTargetDependency */ = {
			isa = PBXTargetDependency;
			target = A8A8EF4D2366D6E10049951F /* LCMVVMDemo */;
			targetProxy = A8A8EF6A2366D6E30049951F /* PBXContainerItemProxy */;
		};
		A8A8EF762366D6E30049951F /* PBXTargetDependency */ = {
			isa = PBXTargetDependency;
			target = A8A8EF4D2366D6E10049951F /* LCMVVMDemo */;
			targetProxy = A8A8EF752366D6E30049951F /* PBXContainerItemProxy */;
		};
/* End PBXTargetDependency section */

/* Begin PBXVariantGroup section */
		A8A8EF5A2366D6E10049951F /* Main.storyboard */ = {
			isa = PBXVariantGroup;
			children = (
				A8A8EF5B2366D6E10049951F /* Base */,
			);
			name = Main.storyboard;
			sourceTree = "<group>";
		};
		A8A8EF5F2366D6E30049951F /* LaunchScreen.storyboard */ = {
			isa = PBXVariantGroup;
			children = (
				A8A8EF602366D6E30049951F /* Base */,
			);
			name = LaunchScreen.storyboard;
			sourceTree = "<group>";
		};
/* End PBXVariantGroup section */

/* Begin XCBuildConfiguration section */
		A8A8EF7B2366D6E30049951F /* Debug */ = {
			isa = XCBuildConfiguration;
			buildSettings = {
				ALWAYS_SEARCH_USER_PATHS = NO;
				CLANG_ANALYZER_NONNULL = YES;
				CLANG_ANALYZER_NUMBER_OBJECT_CONVERSION = YES_AGGRESSIVE;
				CLANG_CXX_LANGUAGE_STANDARD = "gnu++14";
				CLANG_CXX_LIBRARY = "libc++";
				CLANG_ENABLE_MODULES = YES;
				CLANG_ENABLE_OBJC_ARC = YES;
				CLANG_ENABLE_OBJC_WEAK = YES;
				CLANG_WARN_BLOCK_CAPTURE_AUTORELEASING = YES;
				CLANG_WARN_BOOL_CONVERSION = YES;
				CLANG_WARN_COMMA = YES;
				CLANG_WARN_CONSTANT_CONVERSION = YES;
				CLANG_WARN_DEPRECATED_OBJC_IMPLEMENTATIONS = YES;
				CLANG_WARN_DIRECT_OBJC_ISA_USAGE = YES_ERROR;
				CLANG_WARN_DOCUMENTATION_COMMENTS = YES;
				CLANG_WARN_EMPTY_BODY = YES;
				CLANG_WARN_ENUM_CONVERSION = YES;
				CLANG_WARN_INFINITE_RECURSION = YES;
				CLANG_WARN_INT_CONVERSION = YES;
				CLANG_WARN_NON_LITERAL_NULL_CONVERSION = YES;
				CLANG_WARN_OBJC_IMPLICIT_RETAIN_SELF = YES;
				CLANG_WARN_OBJC_LITERAL_CONVERSION = YES;
				CLANG_WARN_OBJC_ROOT_CLASS = YES_ERROR;
				CLANG_WARN_RANGE_LOOP_ANALYSIS = YES;
				CLANG_WARN_STRICT_PROTOTYPES = YES;
				CLANG_WARN_SUSPICIOUS_MOVE = YES;
				CLANG_WARN_UNGUARDED_AVAILABILITY = YES_AGGRESSIVE;
				CLANG_WARN_UNREACHABLE_CODE = YES;
				CLANG_WARN__DUPLICATE_METHOD_MATCH = YES;
				COPY_PHASE_STRIP = NO;
				DEBUG_INFORMATION_FORMAT = dwarf;
				ENABLE_STRICT_OBJC_MSGSEND = YES;
				ENABLE_TESTABILITY = YES;
				GCC_C_LANGUAGE_STANDARD = gnu11;
				GCC_DYNAMIC_NO_PIC = NO;
				GCC_NO_COMMON_BLOCKS = YES;
				GCC_OPTIMIZATION_LEVEL = 0;
				GCC_PREPROCESSOR_DEFINITIONS = (
					"DEBUG=1",
					"$(inherited)",
				);
				GCC_WARN_64_TO_32_BIT_CONVERSION = YES;
				GCC_WARN_ABOUT_RETURN_TYPE = YES_ERROR;
				GCC_WARN_UNDECLARED_SELECTOR = YES;
				GCC_WARN_UNINITIALIZED_AUTOS = YES_AGGRESSIVE;
				GCC_WARN_UNUSED_FUNCTION = YES;
				GCC_WARN_UNUSED_VARIABLE = YES;
				IPHONEOS_DEPLOYMENT_TARGET = 13.1;
				MTL_ENABLE_DEBUG_INFO = INCLUDE_SOURCE;
				MTL_FAST_MATH = YES;
				ONLY_ACTIVE_ARCH = YES;
				SDKROOT = iphoneos;
			};
			name = Debug;
		};
		A8A8EF7C2366D6E30049951F /* Release */ = {
			isa = XCBuildConfiguration;
			buildSettings = {
				ALWAYS_SEARCH_USER_PATHS = NO;
				CLANG_ANALYZER_NONNULL = YES;
				CLANG_ANALYZER_NUMBER_OBJECT_CONVERSION = YES_AGGRESSIVE;
				CLANG_CXX_LANGUAGE_STANDARD = "gnu++14";
				CLANG_CXX_LIBRARY = "libc++";
				CLANG_ENABLE_MODULES = YES;
				CLANG_ENABLE_OBJC_ARC = YES;
				CLANG_ENABLE_OBJC_WEAK = YES;
				CLANG_WARN_BLOCK_CAPTURE_AUTORELEASING = YES;
				CLANG_WARN_BOOL_CONVERSION = YES;
				CLANG_WARN_COMMA = YES;
				CLANG_WARN_CONSTANT_CONVERSION = YES;
				CLANG_WARN_DEPRECATED_OBJC_IMPLEMENTATIONS = YES;
				CLANG_WARN_DIRECT_OBJC_ISA_USAGE = YES_ERROR;
				CLANG_WARN_DOCUMENTATION_COMMENTS = YES;
				CLANG_WARN_EMPTY_BODY = YES;
				CLANG_WARN_ENUM_CONVERSION = YES;
				CLANG_WARN_INFINITE_RECURSION = YES;
				CLANG_WARN_INT_CONVERSION = YES;
				CLANG_WARN_NON_LITERAL_NULL_CONVERSION = YES;
				CLANG_WARN_OBJC_IMPLICIT_RETAIN_SELF = YES;
				CLANG_WARN_OBJC_LITERAL_CONVERSION = YES;
				CLANG_WARN_OBJC_ROOT_CLASS = YES_ERROR;
				CLANG_WARN_RANGE_LOOP_ANALYSIS = YES;
				CLANG_WARN_STRICT_PROTOTYPES = YES;
				CLANG_WARN_SUSPICIOUS_MOVE = YES;
				CLANG_WARN_UNGUARDED_AVAILABILITY = YES_AGGRESSIVE;
				CLANG_WARN_UNREACHABLE_CODE = YES;
				CLANG_WARN__DUPLICATE_METHOD_MATCH = YES;
				COPY_PHASE_STRIP = NO;
				DEBUG_INFORMATION_FORMAT = "dwarf-with-dsym";
				ENABLE_NS_ASSERTIONS = NO;
				ENABLE_STRICT_OBJC_MSGSEND = YES;
				GCC_C_LANGUAGE_STANDARD = gnu11;
				GCC_NO_COMMON_BLOCKS = YES;
				GCC_WARN_64_TO_32_BIT_CONVERSION = YES;
				GCC_WARN_ABOUT_RETURN_TYPE = YES_ERROR;
				GCC_WARN_UNDECLARED_SELECTOR = YES;
				GCC_WARN_UNINITIALIZED_AUTOS = YES_AGGRESSIVE;
				GCC_WARN_UNUSED_FUNCTION = YES;
				GCC_WARN_UNUSED_VARIABLE = YES;
				IPHONEOS_DEPLOYMENT_TARGET = 13.1;
				MTL_ENABLE_DEBUG_INFO = NO;
				MTL_FAST_MATH = YES;
				SDKROOT = iphoneos;
				VALIDATE_PRODUCT = YES;
			};
			name = Release;
		};
		A8A8EF7E2366D6E30049951F /* Debug */ = {
			isa = XCBuildConfiguration;
			buildSettings = {
				ASSETCATALOG_COMPILER_APPICON_NAME = AppIcon;
				CODE_SIGN_STYLE = Automatic;
				INFOPLIST_FILE = LCMVVMDemo/Info.plist;
				LD_RUNPATH_SEARCH_PATHS = (
					"$(inherited)",
					"@executable_path/Frameworks",
				);
				PRODUCT_BUNDLE_IDENTIFIER = LC.iWolf.Com.LCMVVMDemo;
				PRODUCT_NAME = "$(TARGET_NAME)";
				TARGETED_DEVICE_FAMILY = "1,2";
			};
			name = Debug;
		};
		A8A8EF7F2366D6E30049951F /* Release */ = {
			isa = XCBuildConfiguration;
			buildSettings = {
				ASSETCATALOG_COMPILER_APPICON_NAME = AppIcon;
				CODE_SIGN_STYLE = Automatic;
				INFOPLIST_FILE = LCMVVMDemo/Info.plist;
				LD_RUNPATH_SEARCH_PATHS = (
					"$(inherited)",
					"@executable_path/Frameworks",
				);
				PRODUCT_BUNDLE_IDENTIFIER = LC.iWolf.Com.LCMVVMDemo;
				PRODUCT_NAME = "$(TARGET_NAME)";
				TARGETED_DEVICE_FAMILY = "1,2";
			};
			name = Release;
		};
		A8A8EF812366D6E30049951F /* Debug */ = {
			isa = XCBuildConfiguration;
			buildSettings = {
				BUNDLE_LOADER = "$(TEST_HOST)";
				CODE_SIGN_STYLE = Automatic;
				INFOPLIST_FILE = LCMVVMDemoTests/Info.plist;
				IPHONEOS_DEPLOYMENT_TARGET = 13.1;
				LD_RUNPATH_SEARCH_PATHS = (
					"$(inherited)",
					"@executable_path/Frameworks",
					"@loader_path/Frameworks",
				);
				PRODUCT_BUNDLE_IDENTIFIER = LC.iWolf.Com.LCMVVMDemoTests;
				PRODUCT_NAME = "$(TARGET_NAME)";
				TARGETED_DEVICE_FAMILY = "1,2";
				TEST_HOST = "$(BUILT_PRODUCTS_DIR)/LCMVVMDemo.app/LCMVVMDemo";
			};
			name = Debug;
		};
		A8A8EF822366D6E30049951F /* Release */ = {
			isa = XCBuildConfiguration;
			buildSettings = {
				BUNDLE_LOADER = "$(TEST_HOST)";
				CODE_SIGN_STYLE = Automatic;
				INFOPLIST_FILE = LCMVVMDemoTests/Info.plist;
				IPHONEOS_DEPLOYMENT_TARGET = 13.1;
				LD_RUNPATH_SEARCH_PATHS = (
					"$(inherited)",
					"@executable_path/Frameworks",
					"@loader_path/Frameworks",
				);
				PRODUCT_BUNDLE_IDENTIFIER = LC.iWolf.Com.LCMVVMDemoTests;
				PRODUCT_NAME = "$(TARGET_NAME)";
				TARGETED_DEVICE_FAMILY = "1,2";
				TEST_HOST = "$(BUILT_PRODUCTS_DIR)/LCMVVMDemo.app/LCMVVMDemo";
			};
			name = Release;
		};
		A8A8EF842366D6E30049951F /* Debug */ = {
			isa = XCBuildConfiguration;
			buildSettings = {
				CODE_SIGN_STYLE = Automatic;
				INFOPLIST_FILE = LCMVVMDemoUITests/Info.plist;
				LD_RUNPATH_SEARCH_PATHS = (
					"$(inherited)",
					"@executable_path/Frameworks",
					"@loader_path/Frameworks",
				);
				PRODUCT_BUNDLE_IDENTIFIER = LC.iWolf.Com.LCMVVMDemoUITests;
				PRODUCT_NAME = "$(TARGET_NAME)";
				TARGETED_DEVICE_FAMILY = "1,2";
				TEST_TARGET_NAME = LCMVVMDemo;
			};
			name = Debug;
		};
		A8A8EF852366D6E30049951F /* Release */ = {
			isa = XCBuildConfiguration;
			buildSettings = {
				CODE_SIGN_STYLE = Automatic;
				INFOPLIST_FILE = LCMVVMDemoUITests/Info.plist;
				LD_RUNPATH_SEARCH_PATHS = (
					"$(inherited)",
					"@executable_path/Frameworks",
					"@loader_path/Frameworks",
				);
				PRODUCT_BUNDLE_IDENTIFIER = LC.iWolf.Com.LCMVVMDemoUITests;
				PRODUCT_NAME = "$(TARGET_NAME)";
				TARGETED_DEVICE_FAMILY = "1,2";
				TEST_TARGET_NAME = LCMVVMDemo;
			};
			name = Release;
		};
/* End XCBuildConfiguration section */

/* Begin XCConfigurationList section */
		A8A8EF492366D6E10049951F /* Build configuration list for PBXProject "LCMVVMDemo" */ = {
			isa = XCConfigurationList;
			buildConfigurations = (
				A8A8EF7B2366D6E30049951F /* Debug */,
				A8A8EF7C2366D6E30049951F /* Release */,
			);
			defaultConfigurationIsVisible = 0;
			defaultConfigurationName = Release;
		};
		A8A8EF7D2366D6E30049951F /* Build configuration list for PBXNativeTarget "LCMVVMDemo" */ = {
			isa = XCConfigurationList;
			buildConfigurations = (
				A8A8EF7E2366D6E30049951F /* Debug */,
				A8A8EF7F2366D6E30049951F /* Release */,
			);
			defaultConfigurationIsVisible = 0;
			defaultConfigurationName = Release;
		};
		A8A8EF802366D6E30049951F /* Build configuration list for PBXNativeTarget "LCMVVMDemoTests" */ = {
			isa = XCConfigurationList;
			buildConfigurations = (
				A8A8EF812366D6E30049951F /* Debug */,
				A8A8EF822366D6E30049951F /* Release */,
			);
			defaultConfigurationIsVisible = 0;
			defaultConfigurationName = Release;
		};
		A8A8EF832366D6E30049951F /* Build configuration list for PBXNativeTarget "LCMVVMDemoUITests" */ = {
			isa = XCConfigurationList;
			buildConfigurations = (
				A8A8EF842366D6E30049951F /* Debug */,
				A8A8EF852366D6E30049951F /* Release */,
			);
			defaultConfigurationIsVisible = 0;
			defaultConfigurationName = Release;
		};
/* End XCConfigurationList section */
	};
	rootObject = A8A8EF462366D6E10049951F /* Project object */;
}
